
Microsoft Visual Studio Solution File, Format Version 12.00
# Visual Studio Version 17
VisualStudioVersion = 17.1.32328.378
MinimumVisualStudioVersion = 10.0.40219.1
Project("{8BC9CEB8-8B4A-11D0-8D11-00A0C91BC942}") = "Lab-4C", "Lab-4C.vcxproj", "{56ED0B04-BA86-4252-99F8-E9653381C4C4}"
EndProject
Global
	GlobalSection(SolutionConfigurationPlatforms) = preSolution
		Debug|x64 = Debug|x64
		Debug|x86 = Debug|x86
		Release|x64 = Release|x64
		Release|x86 = Release|x86
	EndGlobalSection
	GlobalSection(ProjectConfigurationPlatforms) = postSolution
		{56ED0B04-BA86-4252-99F8-E9653381C4C4}.Debug|x64.ActiveCfg = Debug|x64
		{56ED0B04-BA86-4252-99F8-E9653381C4C4}.Debug|x64.Build.0 = Debug|x64
		{56ED0B04-BA86-4252-99F8-E9653381C4C4}.Debug|x86.ActiveCfg = Debug|Win32
		{56ED0B04-BA86-4252-99F8-E9653381C4C4}.Debug|x86.Build.0 = Debug|Win32
		{56ED0B04-BA86-4252-99F8-E9653381C4C4}.Release|x64.ActiveCfg = Release|x64
		{56ED0B04-BA86-4252-99F8-E9653381C4C4}.Release|x64.Build.0 = Release|x64
		{56ED0B04-BA86-4252-99F8-E9653381C4C4}.Release|x86.ActiveCfg = Release|Win32
		{56ED0B04-BA86-4252-99F8-E9653381C4C4}.Release|x86.Build.0 = Release|Win32
	EndGlobalSection
	GlobalSection(SolutionProperties) = preSolution
		HideSolutionNode = FALSE
	EndGlobalSection
	GlobalSection(ExtensibilityGlobals) = postSolution
		SolutionGuid = {33420087-6412-4676-B1B2-700EA9F94ACE}
	EndGlobalSection
EndGlobal
